// !$*UTF8*$!
{
	archiveVersion = 1;
	classes = {
	};
	objectVersion = 55;
	objects = {

/* Begin PBXBuildFile section */
		04503CC22883087000A5434D /* MainVC.swift in Sources */ = {isa = PBXBuildFile; fileRef = 04503CC12883087000A5434D /* MainVC.swift */; };
		04503CC4288308AB00A5434D /* MainVC.xib in Resources */ = {isa = PBXBuildFile; fileRef = 04503CC3288308AB00A5434D /* MainVC.xib */; };
		04503CC7288308CF00A5434D /* MainViewModel.swift in Sources */ = {isa = PBXBuildFile; fileRef = 04503CC6288308CF00A5434D /* MainViewModel.swift */; };
		04503CCC28830BB200A5434D /* NetworkProvider.swift in Sources */ = {isa = PBXBuildFile; fileRef = 04503CCB28830BB200A5434D /* NetworkProvider.swift */; };
		04503CD128830BEF00A5434D /* Config+server.swift in Sources */ = {isa = PBXBuildFile; fileRef = 04503CD028830BEF00A5434D /* Config+server.swift */; };
		04503CD428830CB300A5434D /* TicketService.swift in Sources */ = {isa = PBXBuildFile; fileRef = 04503CD328830CB300A5434D /* TicketService.swift */; };
		04503CD728830D2400A5434D /* TicketManager.swift in Sources */ = {isa = PBXBuildFile; fileRef = 04503CD628830D2400A5434D /* TicketManager.swift */; };
		04503CDA28830D7600A5434D /* RateModel.swift in Sources */ = {isa = PBXBuildFile; fileRef = 04503CD928830D7600A5434D /* RateModel.swift */; };
		04503CDC288310B700A5434D /* TransactionModel.swift in Sources */ = {isa = PBXBuildFile; fileRef = 04503CDB288310B700A5434D /* TransactionModel.swift */; };
		04503CE1288313EB00A5434D /* BaseTableViewCell.swift in Sources */ = {isa = PBXBuildFile; fileRef = 04503CE0288313EB00A5434D /* BaseTableViewCell.swift */; };
		04503CE42883140B00A5434D /* ReusableViewProtocol.swift in Sources */ = {isa = PBXBuildFile; fileRef = 04503CE32883140B00A5434D /* ReusableViewProtocol.swift */; };
		04503CE72883142A00A5434D /* NibLoadableViewProtocol.swift in Sources */ = {isa = PBXBuildFile; fileRef = 04503CE62883142A00A5434D /* NibLoadableViewProtocol.swift */; };
		04503CE92883149D00A5434D /* MainCell.swift in Sources */ = {isa = PBXBuildFile; fileRef = 04503CE82883149D00A5434D /* MainCell.swift */; };
		04503CEB288314C000A5434D /* MainCell.xib in Resources */ = {isa = PBXBuildFile; fileRef = 04503CEA288314C000A5434D /* MainCell.xib */; };
		04503CEE288317D100A5434D /* UITableView+register.swift in Sources */ = {isa = PBXBuildFile; fileRef = 04503CED288317D100A5434D /* UITableView+register.swift */; };
		04C247222883071600ED4790 /* AppDelegate.swift in Sources */ = {isa = PBXBuildFile; fileRef = 04C247212883071600ED4790 /* AppDelegate.swift */; };
		04C2472B2883071A00ED4790 /* Assets.xcassets in Resources */ = {isa = PBXBuildFile; fileRef = 04C2472A2883071A00ED4790 /* Assets.xcassets */; };
		04C2472E2883071A00ED4790 /* LaunchScreen.storyboard in Resources */ = {isa = PBXBuildFile; fileRef = 04C2472C2883071A00ED4790 /* LaunchScreen.storyboard */; };
		161A4BB5D03FBA9CC8C84E4A /* Pods_Tickets.framework in Frameworks */ = {isa = PBXBuildFile; fileRef = 9A51E166D9BA1B8E712D0EA9 /* Pods_Tickets.framework */; };
/* End PBXBuildFile section */

/* Begin PBXFileReference section */
		04503CC12883087000A5434D /* MainVC.swift */ = {isa = PBXFileReference; lastKnownFileType = sourcecode.swift; path = MainVC.swift; sourceTree = "<group>"; };
		04503CC3288308AB00A5434D /* MainVC.xib */ = {isa = PBXFileReference; lastKnownFileType = file.xib; path = MainVC.xib; sourceTree = "<group>"; };
		04503CC6288308CF00A5434D /* MainViewModel.swift */ = {isa = PBXFileReference; lastKnownFileType = sourcecode.swift; path = MainViewModel.swift; sourceTree = "<group>"; };
		04503CCB28830BB200A5434D /* NetworkProvider.swift */ = {isa = PBXFileReference; lastKnownFileType = sourcecode.swift; path = NetworkProvider.swift; sourceTree = "<group>"; };
		04503CD028830BEF00A5434D /* Config+server.swift */ = {isa = PBXFileReference; lastKnownFileType = sourcecode.swift; path = "Config+server.swift"; sourceTree = "<group>"; };
		04503CD328830CB300A5434D /* TicketService.swift */ = {isa = PBXFileReference; lastKnownFileType = sourcecode.swift; path = TicketService.swift; sourceTree = "<group>"; };
		04503CD628830D2400A5434D /* TicketManager.swift */ = {isa = PBXFileReference; lastKnownFileType = sourcecode.swift; path = TicketManager.swift; sourceTree = "<group>"; };
		04503CD928830D7600A5434D /* RateModel.swift */ = {isa = PBXFileReference; lastKnownFileType = sourcecode.swift; path = RateModel.swift; sourceTree = "<group>"; };
		04503CDB288310B700A5434D /* TransactionModel.swift */ = {isa = PBXFileReference; lastKnownFileType = sourcecode.swift; path = TransactionModel.swift; sourceTree = "<group>"; };
		04503CE0288313EB00A5434D /* BaseTableViewCell.swift */ = {isa = PBXFileReference; lastKnownFileType = sourcecode.swift; path = BaseTableViewCell.swift; sourceTree = "<group>"; };
		04503CE32883140B00A5434D /* ReusableViewProtocol.swift */ = {isa = PBXFileReference; lastKnownFileType = sourcecode.swift; path = ReusableViewProtocol.swift; sourceTree = "<group>"; };
		04503CE62883142A00A5434D /* NibLoadableViewProtocol.swift */ = {isa = PBXFileReference; lastKnownFileType = sourcecode.swift; path = NibLoadableViewProtocol.swift; sourceTree = "<group>"; };
		04503CE82883149D00A5434D /* MainCell.swift */ = {isa = PBXFileReference; lastKnownFileType = sourcecode.swift; path = MainCell.swift; sourceTree = "<group>"; };
		04503CEA288314C000A5434D /* MainCell.xib */ = {isa = PBXFileReference; lastKnownFileType = file.xib; path = MainCell.xib; sourceTree = "<group>"; };
		04503CED288317D100A5434D /* UITableView+register.swift */ = {isa = PBXFileReference; lastKnownFileType = sourcecode.swift; path = "UITableView+register.swift"; sourceTree = "<group>"; };
		04C2471E2883071600ED4790 /* Tickets.app */ = {isa = PBXFileReference; explicitFileType = wrapper.application; includeInIndex = 0; path = Tickets.app; sourceTree = BUILT_PRODUCTS_DIR; };
		04C247212883071600ED4790 /* AppDelegate.swift */ = {isa = PBXFileReference; lastKnownFileType = sourcecode.swift; path = AppDelegate.swift; sourceTree = "<group>"; };
		04C2472A2883071A00ED4790 /* Assets.xcassets */ = {isa = PBXFileReference; lastKnownFileType = folder.assetcatalog; path = Assets.xcassets; sourceTree = "<group>"; };
		04C2472D2883071A00ED4790 /* Base */ = {isa = PBXFileReference; lastKnownFileType = file.storyboard; name = Base; path = Base.lproj/LaunchScreen.storyboard; sourceTree = "<group>"; };
		04C2472F2883071A00ED4790 /* Info.plist */ = {isa = PBXFileReference; lastKnownFileType = text.plist.xml; path = Info.plist; sourceTree = "<group>"; };
		84B4124A9418233775E2EFE5 /* Pods-Tickets.debug.xcconfig */ = {isa = PBXFileReference; includeInIndex = 1; lastKnownFileType = text.xcconfig; name = "Pods-Tickets.debug.xcconfig"; path = "Target Support Files/Pods-Tickets/Pods-Tickets.debug.xcconfig"; sourceTree = "<group>"; };
		9A51E166D9BA1B8E712D0EA9 /* Pods_Tickets.framework */ = {isa = PBXFileReference; explicitFileType = wrapper.framework; includeInIndex = 0; path = Pods_Tickets.framework; sourceTree = BUILT_PRODUCTS_DIR; };
		CCDED954622BFB7AEE471688 /* Pods-Tickets.release.xcconfig */ = {isa = PBXFileReference; includeInIndex = 1; lastKnownFileType = text.xcconfig; name = "Pods-Tickets.release.xcconfig"; path = "Target Support Files/Pods-Tickets/Pods-Tickets.release.xcconfig"; sourceTree = "<group>"; };
/* End PBXFileReference section */

/* Begin PBXFrameworksBuildPhase section */
		04C2471B2883071600ED4790 /* Frameworks */ = {
			isa = PBXFrameworksBuildPhase;
			buildActionMask = 2147483647;
			files = (
				161A4BB5D03FBA9CC8C84E4A /* Pods_Tickets.framework in Frameworks */,
			);
			runOnlyForDeploymentPostprocessing = 0;
		};
/* End PBXFrameworksBuildPhase section */

/* Begin PBXGroup section */
		04503CBD2883083E00A5434D /* Controllers */ = {
			isa = PBXGroup;
			children = (
				04503CC02883085E00A5434D /* Main */,
			);
			path = Controllers;
			sourceTree = "<group>";
		};
		04503CBE2883084500A5434D /* Images */ = {
			isa = PBXGroup;
			children = (
				04C2472A2883071A00ED4790 /* Assets.xcassets */,
			);
			path = Images;
			sourceTree = "<group>";
		};
		04503CBF2883084B00A5434D /* Storyboards */ = {
			isa = PBXGroup;
			children = (
				04C2472C2883071A00ED4790 /* LaunchScreen.storyboard */,
			);
			path = Storyboards;
			sourceTree = "<group>";
		};
		04503CC02883085E00A5434D /* Main */ = {
			isa = PBXGroup;
			children = (
				04503CDD288313BC00A5434D /* Cell */,
				04503CC5288308BF00A5434D /* ViewModel */,
				04503CC12883087000A5434D /* MainVC.swift */,
				04503CC3288308AB00A5434D /* MainVC.xib */,
			);
			path = Main;
			sourceTree = "<group>";
		};
		04503CC5288308BF00A5434D /* ViewModel */ = {
			isa = PBXGroup;
			children = (
				04503CC6288308CF00A5434D /* MainViewModel.swift */,
			);
			path = ViewModel;
			sourceTree = "<group>";
		};
		04503CC828830B8300A5434D /* Classes */ = {
			isa = PBXGroup;
			children = (
				04503CDE288313CD00A5434D /* Base */,
				04503CEC288317B500A5434D /* Extensions */,
				04503CC928830B8E00A5434D /* Networking */,
				04503CE22883140000A5434D /* Protocols */,
			);
			path = Classes;
			sourceTree = "<group>";
		};
		04503CC928830B8E00A5434D /* Networking */ = {
			isa = PBXGroup;
			children = (
				04503CD528830D1600A5434D /* Managers */,
				04503CD828830D5A00A5434D /* Models */,
				04503CCA28830B9800A5434D /* Provider */,
				04503CD228830CA000A5434D /* Services */,
			);
			path = Networking;
			sourceTree = "<group>";
		};
		04503CCA28830B9800A5434D /* Provider */ = {
			isa = PBXGroup;
			children = (
				04503CCB28830BB200A5434D /* NetworkProvider.swift */,
			);
			path = Provider;
			sourceTree = "<group>";
		};
		04503CCD28830BC600A5434D /* Config */ = {
			isa = PBXGroup;
			children = (
				04503CD028830BEF00A5434D /* Config+server.swift */,
			);
			path = Config;
			sourceTree = "<group>";
		};
		04503CD228830CA000A5434D /* Services */ = {
			isa = PBXGroup;
			children = (
				04503CD328830CB300A5434D /* TicketService.swift */,
			);
			path = Services;
			sourceTree = "<group>";
		};
		04503CD528830D1600A5434D /* Managers */ = {
			isa = PBXGroup;
			children = (
				04503CD628830D2400A5434D /* TicketManager.swift */,
			);
			path = Managers;
			sourceTree = "<group>";
		};
		04503CD828830D5A00A5434D /* Models */ = {
			isa = PBXGroup;
			children = (
				04503CD928830D7600A5434D /* RateModel.swift */,
				04503CDB288310B700A5434D /* TransactionModel.swift */,
			);
			path = Models;
			sourceTree = "<group>";
		};
		04503CDD288313BC00A5434D /* Cell */ = {
			isa = PBXGroup;
			children = (
				04503CE82883149D00A5434D /* MainCell.swift */,
				04503CEA288314C000A5434D /* MainCell.xib */,
			);
			path = Cell;
			sourceTree = "<group>";
		};
		04503CDE288313CD00A5434D /* Base */ = {
			isa = PBXGroup;
			children = (
				04503CDF288313D200A5434D /* Cell */,
			);
			path = Base;
			sourceTree = "<group>";
		};
		04503CDF288313D200A5434D /* Cell */ = {
			isa = PBXGroup;
			children = (
				04503CE0288313EB00A5434D /* BaseTableViewCell.swift */,
			);
			path = Cell;
			sourceTree = "<group>";
		};
		04503CE22883140000A5434D /* Protocols */ = {
			isa = PBXGroup;
			children = (
				04503CE62883142A00A5434D /* NibLoadableViewProtocol.swift */,
				04503CE32883140B00A5434D /* ReusableViewProtocol.swift */,
			);
			path = Protocols;
			sourceTree = "<group>";
		};
		04503CEC288317B500A5434D /* Extensions */ = {
			isa = PBXGroup;
			children = (
				04503CED288317D100A5434D /* UITableView+register.swift */,
			);
			path = Extensions;
			sourceTree = "<group>";
		};
		04C247152883071600ED4790 = {
			isa = PBXGroup;
			children = (
				04C247202883071600ED4790 /* Tickets */,
				04C2471F2883071600ED4790 /* Products */,
				15A5C7DC79CBBEBF8C0AE687 /* Pods */,
				16DFF96D8E07F12EC4030A12 /* Frameworks */,
			);
			sourceTree = "<group>";
		};
		04C2471F2883071600ED4790 /* Products */ = {
			isa = PBXGroup;
			children = (
				04C2471E2883071600ED4790 /* Tickets.app */,
			);
			name = Products;
			sourceTree = "<group>";
		};
		04C247202883071600ED4790 /* Tickets */ = {
			isa = PBXGroup;
			children = (
				04C247212883071600ED4790 /* AppDelegate.swift */,
				04503CC828830B8300A5434D /* Classes */,
				04503CCD28830BC600A5434D /* Config */,
				04503CBD2883083E00A5434D /* Controllers */,
				04503CBE2883084500A5434D /* Images */,
				04C2472F2883071A00ED4790 /* Info.plist */,
				04503CBF2883084B00A5434D /* Storyboards */,
			);
			path = Tickets;
			sourceTree = "<group>";
		};
		15A5C7DC79CBBEBF8C0AE687 /* Pods */ = {
			isa = PBXGroup;
			children = (
				84B4124A9418233775E2EFE5 /* Pods-Tickets.debug.xcconfig */,
				CCDED954622BFB7AEE471688 /* Pods-Tickets.release.xcconfig */,
			);
			path = Pods;
			sourceTree = "<group>";
		};
		16DFF96D8E07F12EC4030A12 /* Frameworks */ = {
			isa = PBXGroup;
			children = (
				9A51E166D9BA1B8E712D0EA9 /* Pods_Tickets.framework */,
			);
			name = Frameworks;
			sourceTree = "<group>";
		};
/* End PBXGroup section */

/* Begin PBXNativeTarget section */
		04C2471D2883071600ED4790 /* Tickets */ = {
			isa = PBXNativeTarget;
			buildConfigurationList = 04C247322883071A00ED4790 /* Build configuration list for PBXNativeTarget "Tickets" */;
			buildPhases = (
				81E594598266997FC0CD767E /* [CP] Check Pods Manifest.lock */,
				04C2471A2883071600ED4790 /* Sources */,
				04C2471B2883071600ED4790 /* Frameworks */,
				04C2471C2883071600ED4790 /* Resources */,
				8F8D946469DD5D07825A964D /* [CP] Embed Pods Frameworks */,
			);
			buildRules = (
			);
			dependencies = (
			);
			name = Tickets;
			productName = Tickets;
			productReference = 04C2471E2883071600ED4790 /* Tickets.app */;
			productType = "com.apple.product-type.application";
		};
/* End PBXNativeTarget section */

/* Begin PBXProject section */
		04C247162883071600ED4790 /* Project object */ = {
			isa = PBXProject;
			attributes = {
				BuildIndependentTargetsInParallel = 1;
				LastSwiftUpdateCheck = 1320;
				LastUpgradeCheck = 1320;
				TargetAttributes = {
					04C2471D2883071600ED4790 = {
						CreatedOnToolsVersion = 13.2.1;
					};
				};
			};
			buildConfigurationList = 04C247192883071600ED4790 /* Build configuration list for PBXProject "Tickets" */;
			compatibilityVersion = "Xcode 13.0";
			developmentRegion = en;
			hasScannedForEncodings = 0;
			knownRegions = (
				en,
				Base,
			);
			mainGroup = 04C247152883071600ED4790;
			productRefGroup = 04C2471F2883071600ED4790 /* Products */;
			projectDirPath = "";
			projectRoot = "";
			targets = (
				04C2471D2883071600ED4790 /* Tickets */,
			);
		};
/* End PBXProject section */

/* Begin PBXResourcesBuildPhase section */
		04C2471C2883071600ED4790 /* Resources */ = {
			isa = PBXResourcesBuildPhase;
			buildActionMask = 2147483647;
			files = (
				04503CC4288308AB00A5434D /* MainVC.xib in Resources */,
				04C2472E2883071A00ED4790 /* LaunchScreen.storyboard in Resources */,
				04503CEB288314C000A5434D /* MainCell.xib in Resources */,
				04C2472B2883071A00ED4790 /* Assets.xcassets in Resources */,
			);
			runOnlyForDeploymentPostprocessing = 0;
		};
/* End PBXResourcesBuildPhase section */

/* Begin PBXShellScriptBuildPhase section */
		81E594598266997FC0CD767E /* [CP] Check Pods Manifest.lock */ = {
			isa = PBXShellScriptBuildPhase;
			buildActionMask = 2147483647;
			files = (
			);
			inputFileListPaths = (
			);
			inputPaths = (
				"${PODS_PODFILE_DIR_PATH}/Podfile.lock",
				"${PODS_ROOT}/Manifest.lock",
			);
			name = "[CP] Check Pods Manifest.lock";
			outputFileListPaths = (
			);
			outputPaths = (
				"$(DERIVED_FILE_DIR)/Pods-Tickets-checkManifestLockResult.txt",
			);
			runOnlyForDeploymentPostprocessing = 0;
			shellPath = /bin/sh;
			shellScript = "diff \"${PODS_PODFILE_DIR_PATH}/Podfile.lock\" \"${PODS_ROOT}/Manifest.lock\" > /dev/null\nif [ $? != 0 ] ; then\n    # print error to STDERR\n    echo \"error: The sandbox is not in sync with the Podfile.lock. Run 'pod install' or update your CocoaPods installation.\" >&2\n    exit 1\nfi\n# This output is used by Xcode 'outputs' to avoid re-running this script phase.\necho \"SUCCESS\" > \"${SCRIPT_OUTPUT_FILE_0}\"\n";
			showEnvVarsInLog = 0;
		};
		8F8D946469DD5D07825A964D /* [CP] Embed Pods Frameworks */ = {
			isa = PBXShellScriptBuildPhase;
			buildActionMask = 2147483647;
			files = (
			);
			inputFileListPaths = (
				"${PODS_ROOT}/Target Support Files/Pods-Tickets/Pods-Tickets-frameworks-${CONFIGURATION}-input-files.xcfilelist",
			);
			name = "[CP] Embed Pods Frameworks";
			outputFileListPaths = (
				"${PODS_ROOT}/Target Support Files/Pods-Tickets/Pods-Tickets-frameworks-${CONFIGURATION}-output-files.xcfilelist",
			);
			runOnlyForDeploymentPostprocessing = 0;
			shellPath = /bin/sh;
			shellScript = "\"${PODS_ROOT}/Target Support Files/Pods-Tickets/Pods-Tickets-frameworks.sh\"\n";
			showEnvVarsInLog = 0;
		};
/* End PBXShellScriptBuildPhase section */

/* Begin PBXSourcesBuildPhase section */
		04C2471A2883071600ED4790 /* Sources */ = {
			isa = PBXSourcesBuildPhase;
			buildActionMask = 2147483647;
			files = (
				04503CDC288310B700A5434D /* TransactionModel.swift in Sources */,
				04C247222883071600ED4790 /* AppDelegate.swift in Sources */,
				04503CE72883142A00A5434D /* NibLoadableViewProtocol.swift in Sources */,
				04503CCC28830BB200A5434D /* NetworkProvider.swift in Sources */,
				04503CC22883087000A5434D /* MainVC.swift in Sources */,
				04503CE92883149D00A5434D /* MainCell.swift in Sources */,
				04503CD428830CB300A5434D /* TicketService.swift in Sources */,
				04503CC7288308CF00A5434D /* MainViewModel.swift in Sources */,
				04503CD128830BEF00A5434D /* Config+server.swift in Sources */,
				04503CD728830D2400A5434D /* TicketManager.swift in Sources */,
				04503CEE288317D100A5434D /* UITableView+register.swift in Sources */,
				04503CE1288313EB00A5434D /* BaseTableViewCell.swift in Sources */,
				04503CE42883140B00A5434D /* ReusableViewProtocol.swift in Sources */,
				04503CDA28830D7600A5434D /* RateModel.swift in Sources */,
			);
			runOnlyForDeploymentPostprocessing = 0;
		};
/* End PBXSourcesBuildPhase section */

/* Begin PBXVariantGroup section */
		04C2472C2883071A00ED4790 /* LaunchScreen.storyboard */ = {
			isa = PBXVariantGroup;
			children = (
				04C2472D2883071A00ED4790 /* Base */,
			);
			name = LaunchScreen.storyboard;
			sourceTree = "<group>";
		};
/* End PBXVariantGroup section */

/* Begin XCBuildConfiguration section */
		04C247302883071A00ED4790 /* Debug */ = {
			isa = XCBuildConfiguration;
			buildSettings = {
				ALWAYS_SEARCH_USER_PATHS = NO;
				CLANG_ANALYZER_NONNULL = YES;
				CLANG_ANALYZER_NUMBER_OBJECT_CONVERSION = YES_AGGRESSIVE;
				CLANG_CXX_LANGUAGE_STANDARD = "gnu++17";
				CLANG_CXX_LIBRARY = "libc++";
				CLANG_ENABLE_MODULES = YES;
				CLANG_ENABLE_OBJC_ARC = YES;
				CLANG_ENABLE_OBJC_WEAK = YES;
				CLANG_WARN_BLOCK_CAPTURE_AUTORELEASING = YES;
				CLANG_WARN_BOOL_CONVERSION = YES;
				CLANG_WARN_COMMA = YES;
				CLANG_WARN_CONSTANT_CONVERSION = YES;
				CLANG_WARN_DEPRECATED_OBJC_IMPLEMENTATIONS = YES;
				CLANG_WARN_DIRECT_OBJC_ISA_USAGE = YES_ERROR;
				CLANG_WARN_DOCUMENTATION_COMMENTS = YES;
				CLANG_WARN_EMPTY_BODY = YES;
				CLANG_WARN_ENUM_CONVERSION = YES;
				CLANG_WARN_INFINITE_RECURSION = YES;
				CLANG_WARN_INT_CONVERSION = YES;
				CLANG_WARN_NON_LITERAL_NULL_CONVERSION = YES;
				CLANG_WARN_OBJC_IMPLICIT_RETAIN_SELF = YES;
				CLANG_WARN_OBJC_LITERAL_CONVERSION = YES;
				CLANG_WARN_OBJC_ROOT_CLASS = YES_ERROR;
				CLANG_WARN_QUOTED_INCLUDE_IN_FRAMEWORK_HEADER = YES;
				CLANG_WARN_RANGE_LOOP_ANALYSIS = YES;
				CLANG_WARN_STRICT_PROTOTYPES = YES;
				CLANG_WARN_SUSPICIOUS_MOVE = YES;
				CLANG_WARN_UNGUARDED_AVAILABILITY = YES_AGGRESSIVE;
				CLANG_WARN_UNREACHABLE_CODE = YES;
				CLANG_WARN__DUPLICATE_METHOD_MATCH = YES;
				COPY_PHASE_STRIP = NO;
				DEBUG_INFORMATION_FORMAT = dwarf;
				ENABLE_STRICT_OBJC_MSGSEND = YES;
				ENABLE_TESTABILITY = YES;
				GCC_C_LANGUAGE_STANDARD = gnu11;
				GCC_DYNAMIC_NO_PIC = NO;
				GCC_NO_COMMON_BLOCKS = YES;
				GCC_OPTIMIZATION_LEVEL = 0;
				GCC_PREPROCESSOR_DEFINITIONS = (
					"DEBUG=1",
					"$(inherited)",
				);
				GCC_WARN_64_TO_32_BIT_CONVERSION = YES;
				GCC_WARN_ABOUT_RETURN_TYPE = YES_ERROR;
				GCC_WARN_UNDECLARED_SELECTOR = YES;
				GCC_WARN_UNINITIALIZED_AUTOS = YES_AGGRESSIVE;
				GCC_WARN_UNUSED_FUNCTION = YES;
				GCC_WARN_UNUSED_VARIABLE = YES;
				IPHONEOS_DEPLOYMENT_TARGET = 15.2;
				MTL_ENABLE_DEBUG_INFO = INCLUDE_SOURCE;
				MTL_FAST_MATH = YES;
				ONLY_ACTIVE_ARCH = YES;
				SDKROOT = iphoneos;
				SWIFT_ACTIVE_COMPILATION_CONDITIONS = DEBUG;
				SWIFT_OPTIMIZATION_LEVEL = "-Onone";
			};
			name = Debug;
		};
		04C247312883071A00ED4790 /* Release */ = {
			isa = XCBuildConfiguration;
			buildSettings = {
				ALWAYS_SEARCH_USER_PATHS = NO;
				CLANG_ANALYZER_NONNULL = YES;
				CLANG_ANALYZER_NUMBER_OBJECT_CONVERSION = YES_AGGRESSIVE;
				CLANG_CXX_LANGUAGE_STANDARD = "gnu++17";
				CLANG_CXX_LIBRARY = "libc++";
				CLANG_ENABLE_MODULES = YES;
				CLANG_ENABLE_OBJC_ARC = YES;
				CLANG_ENABLE_OBJC_WEAK = YES;
				CLANG_WARN_BLOCK_CAPTURE_AUTORELEASING = YES;
				CLANG_WARN_BOOL_CONVERSION = YES;
				CLANG_WARN_COMMA = YES;
				CLANG_WARN_CONSTANT_CONVERSION = YES;
				CLANG_WARN_DEPRECATED_OBJC_IMPLEMENTATIONS = YES;
				CLANG_WARN_DIRECT_OBJC_ISA_USAGE = YES_ERROR;
				CLANG_WARN_DOCUMENTATION_COMMENTS = YES;
				CLANG_WARN_EMPTY_BODY = YES;
				CLANG_WARN_ENUM_CONVERSION = YES;
				CLANG_WARN_INFINITE_RECURSION = YES;
				CLANG_WARN_INT_CONVERSION = YES;
				CLANG_WARN_NON_LITERAL_NULL_CONVERSION = YES;
				CLANG_WARN_OBJC_IMPLICIT_RETAIN_SELF = YES;
				CLANG_WARN_OBJC_LITERAL_CONVERSION = YES;
				CLANG_WARN_OBJC_ROOT_CLASS = YES_ERROR;
				CLANG_WARN_QUOTED_INCLUDE_IN_FRAMEWORK_HEADER = YES;
				CLANG_WARN_RANGE_LOOP_ANALYSIS = YES;
				CLANG_WARN_STRICT_PROTOTYPES = YES;
				CLANG_WARN_SUSPICIOUS_MOVE = YES;
				CLANG_WARN_UNGUARDED_AVAILABILITY = YES_AGGRESSIVE;
				CLANG_WARN_UNREACHABLE_CODE = YES;
				CLANG_WARN__DUPLICATE_METHOD_MATCH = YES;
				COPY_PHASE_STRIP = NO;
				DEBUG_INFORMATION_FORMAT = "dwarf-with-dsym";
				ENABLE_NS_ASSERTIONS = NO;
				ENABLE_STRICT_OBJC_MSGSEND = YES;
				GCC_C_LANGUAGE_STANDARD = gnu11;
				GCC_NO_COMMON_BLOCKS = YES;
				GCC_WARN_64_TO_32_BIT_CONVERSION = YES;
				GCC_WARN_ABOUT_RETURN_TYPE = YES_ERROR;
				GCC_WARN_UNDECLARED_SELECTOR = YES;
				GCC_WARN_UNINITIALIZED_AUTOS = YES_AGGRESSIVE;
				GCC_WARN_UNUSED_FUNCTION = YES;
				GCC_WARN_UNUSED_VARIABLE = YES;
				IPHONEOS_DEPLOYMENT_TARGET = 15.2;
				MTL_ENABLE_DEBUG_INFO = NO;
				MTL_FAST_MATH = YES;
				SDKROOT = iphoneos;
				SWIFT_COMPILATION_MODE = wholemodule;
				SWIFT_OPTIMIZATION_LEVEL = "-O";
				VALIDATE_PRODUCT = YES;
			};
			name = Release;
		};
		04C247332883071A00ED4790 /* Debug */ = {
			isa = XCBuildConfiguration;
			baseConfigurationReference = 84B4124A9418233775E2EFE5 /* Pods-Tickets.debug.xcconfig */;
			buildSettings = {
				ASSETCATALOG_COMPILER_APPICON_NAME = AppIcon;
				ASSETCATALOG_COMPILER_GLOBAL_ACCENT_COLOR_NAME = AccentColor;
				CODE_SIGN_STYLE = Automatic;
				CURRENT_PROJECT_VERSION = 1;
				GENERATE_INFOPLIST_FILE = YES;
				INFOPLIST_FILE = Tickets/Info.plist;
				INFOPLIST_KEY_UIApplicationSupportsIndirectInputEvents = YES;
				INFOPLIST_KEY_UILaunchStoryboardName = LaunchScreen;
				INFOPLIST_KEY_UISupportedInterfaceOrientations_iPad = "UIInterfaceOrientationPortrait UIInterfaceOrientationPortraitUpsideDown UIInterfaceOrientationLandscapeLeft UIInterfaceOrientationLandscapeRight";
				INFOPLIST_KEY_UISupportedInterfaceOrientations_iPhone = "UIInterfaceOrientationPortrait UIInterfaceOrientationLandscapeLeft UIInterfaceOrientationLandscapeRight";
				IPHONEOS_DEPLOYMENT_TARGET = 12.4;
				LD_RUNPATH_SEARCH_PATHS = (
					"$(inherited)",
					"@executable_path/Frameworks",
				);
				MARKETING_VERSION = 1.0;
				PRODUCT_BUNDLE_IDENTIFIER = andrey.rulev.Tickets;
				PRODUCT_NAME = "$(TARGET_NAME)";
				SWIFT_EMIT_LOC_STRINGS = YES;
				SWIFT_VERSION = 5.0;
				TARGETED_DEVICE_FAMILY = 1;
			};
			name = Debug;
		};
		04C247342883071A00ED4790 /* Release */ = {
			isa = XCBuildConfiguration;
			baseConfigurationReference = CCDED954622BFB7AEE471688 /* Pods-Tickets.release.xcconfig */;
			buildSettings = {
				ASSETCATALOG_COMPILER_APPICON_NAME = AppIcon;
				ASSETCATALOG_COMPILER_GLOBAL_ACCENT_COLOR_NAME = AccentColor;
				CODE_SIGN_STYLE = Automatic;
				CURRENT_PROJECT_VERSION = 1;
				GENERATE_INFOPLIST_FILE = YES;
				INFOPLIST_FILE = Tickets/Info.plist;
				INFOPLIST_KEY_UIApplicationSupportsIndirectInputEvents = YES;
				INFOPLIST_KEY_UILaunchStoryboardName = LaunchScreen;
				INFOPLIST_KEY_UISupportedInterfaceOrientations_iPad = "UIInterfaceOrientationPortrait UIInterfaceOrientationPortraitUpsideDown UIInterfaceOrientationLandscapeLeft UIInterfaceOrientationLandscapeRight";
				INFOPLIST_KEY_UISupportedInterfaceOrientations_iPhone = "UIInterfaceOrientationPortrait UIInterfaceOrientationLandscapeLeft UIInterfaceOrientationLandscapeRight";
				IPHONEOS_DEPLOYMENT_TARGET = 12.4;
				LD_RUNPATH_SEARCH_PATHS = (
					"$(inherited)",
					"@executable_path/Frameworks",
				);
				MARKETING_VERSION = 1.0;
				PRODUCT_BUNDLE_IDENTIFIER = andrey.rulev.Tickets;
				PRODUCT_NAME = "$(TARGET_NAME)";
				SWIFT_EMIT_LOC_STRINGS = YES;
				SWIFT_VERSION = 5.0;
				TARGETED_DEVICE_FAMILY = 1;
			};
			name = Release;
		};
/* End XCBuildConfiguration section */

/* Begin XCConfigurationList section */
		04C247192883071600ED4790 /* Build configuration list for PBXProject "Tickets" */ = {
			isa = XCConfigurationList;
			buildConfigurations = (
				04C247302883071A00ED4790 /* Debug */,
				04C247312883071A00ED4790 /* Release */,
			);
			defaultConfigurationIsVisible = 0;
			defaultConfigurationName = Release;
		};
		04C247322883071A00ED4790 /* Build configuration list for PBXNativeTarget "Tickets" */ = {
			isa = XCConfigurationList;
			buildConfigurations = (
				04C247332883071A00ED4790 /* Debug */,
				04C247342883071A00ED4790 /* Release */,
			);
			defaultConfigurationIsVisible = 0;
			defaultConfigurationName = Release;
		};
/* End XCConfigurationList section */
	};
	rootObject = 04C247162883071600ED4790 /* Project object */;
}
